// !$*UTF8*$!
{
	archiveVersion = 1;
	classes = {
	};
	objectVersion = 77;
	objects = {

/* Begin PBXBuildFile section */
		496F05782D5166F00030F019 /* FirebaseAnalytics in Frameworks */ = {isa = PBXBuildFile; productRef = 496F05772D5166F00030F019 /* FirebaseAnalytics */; };
		496F057A2D5166F00030F019 /* FirebaseAuth in Frameworks */ = {isa = PBXBuildFile; productRef = 496F05792D5166F00030F019 /* FirebaseAuth */; };
		496F057C2D5166F00030F019 /* FirebaseCore in Frameworks */ = {isa = PBXBuildFile; productRef = 496F057B2D5166F00030F019 /* FirebaseCore */; };
		496F057E2D5166F00030F019 /* FirebaseCrashlytics in Frameworks */ = {isa = PBXBuildFile; productRef = 496F057D2D5166F00030F019 /* FirebaseCrashlytics */; };
		496F05802D5166F00030F019 /* FirebaseFirestore in Frameworks */ = {isa = PBXBuildFile; productRef = 496F057F2D5166F00030F019 /* FirebaseFirestore */; };
		496F05822D5166F00030F019 /* FirebaseInAppMessaging-Beta in Frameworks */ = {isa = PBXBuildFile; productRef = 496F05812D5166F00030F019 /* FirebaseInAppMessaging-Beta */; };
		496F05842D5166F00030F019 /* FirebaseStorage in Frameworks */ = {isa = PBXBuildFile; productRef = 496F05832D5166F00030F019 /* FirebaseStorage */; };
/* End PBXBuildFile section */

/* Begin PBXContainerItemProxy section */
		038497092D50324700F9AACF /* PBXContainerItemProxy */ = {
			isa = PBXContainerItemProxy;
			containerPortal = 038496F02D50324400F9AACF /* Project object */;
			proxyType = 1;
			remoteGlobalIDString = 038496F72D50324400F9AACF;
			remoteInfo = Locl;
		};
		038497132D50324700F9AACF /* PBXContainerItemProxy */ = {
			isa = PBXContainerItemProxy;
			containerPortal = 038496F02D50324400F9AACF /* Project object */;
			proxyType = 1;
			remoteGlobalIDString = 038496F72D50324400F9AACF;
			remoteInfo = Locl;
		};
/* End PBXContainerItemProxy section */

/* Begin PBXFileReference section */
		038496F82D50324400F9AACF /* Locl.app */ = {isa = PBXFileReference; explicitFileType = wrapper.application; includeInIndex = 0; path = Locl.app; sourceTree = BUILT_PRODUCTS_DIR; };
		038497082D50324700F9AACF /* LoclTests.xctest */ = {isa = PBXFileReference; explicitFileType = wrapper.cfbundle; includeInIndex = 0; path = LoclTests.xctest; sourceTree = BUILT_PRODUCTS_DIR; };
		038497122D50324700F9AACF /* LoclUITests.xctest */ = {isa = PBXFileReference; explicitFileType = wrapper.cfbundle; includeInIndex = 0; path = LoclUITests.xctest; sourceTree = BUILT_PRODUCTS_DIR; };
/* End PBXFileReference section */

/* Begin PBXFileSystemSynchronizedRootGroup section */
		038496FA2D50324400F9AACF /* Locl */ = {
			isa = PBXFileSystemSynchronizedRootGroup;
			path = Locl;
			sourceTree = "<group>";
		};
		0384970B2D50324700F9AACF /* LoclTests */ = {
			isa = PBXFileSystemSynchronizedRootGroup;
			path = LoclTests;
			sourceTree = "<group>";
		};
		038497152D50324700F9AACF /* LoclUITests */ = {
			isa = PBXFileSystemSynchronizedRootGroup;
			path = LoclUITests;
			sourceTree = "<group>";
		};
/* End PBXFileSystemSynchronizedRootGroup section */

/* Begin PBXFrameworksBuildPhase section */
		038496F52D50324400F9AACF /* Frameworks */ = {
			isa = PBXFrameworksBuildPhase;
			buildActionMask = 2147483647;
			files = (
				496F05782D5166F00030F019 /* FirebaseAnalytics in Frameworks */,
				496F057E2D5166F00030F019 /* FirebaseCrashlytics in Frameworks */,
				496F057C2D5166F00030F019 /* FirebaseCore in Frameworks */,
				496F05802D5166F00030F019 /* FirebaseFirestore in Frameworks */,
				496F05842D5166F00030F019 /* FirebaseStorage in Frameworks */,
				496F057A2D5166F00030F019 /* FirebaseAuth in Frameworks */,
				496F05822D5166F00030F019 /* FirebaseInAppMessaging-Beta in Frameworks */,
			);
			runOnlyForDeploymentPostprocessing = 0;
		};
		038497052D50324700F9AACF /* Frameworks */ = {
			isa = PBXFrameworksBuildPhase;
			buildActionMask = 2147483647;
			files = (
			);
			runOnlyForDeploymentPostprocessing = 0;
		};
		0384970F2D50324700F9AACF /* Frameworks */ = {
			isa = PBXFrameworksBuildPhase;
			buildActionMask = 2147483647;
			files = (
			);
			runOnlyForDeploymentPostprocessing = 0;
		};
/* End PBXFrameworksBuildPhase section */

/* Begin PBXGroup section */
		038496EF2D50324400F9AACF = {
			isa = PBXGroup;
			children = (
				038496FA2D50324400F9AACF /* Locl */,
				0384970B2D50324700F9AACF /* LoclTests */,
				038497152D50324700F9AACF /* LoclUITests */,
				038496F92D50324400F9AACF /* Products */,
			);
			sourceTree = "<group>";
		};
		038496F92D50324400F9AACF /* Products */ = {
			isa = PBXGroup;
			children = (
				038496F82D50324400F9AACF /* Locl.app */,
				038497082D50324700F9AACF /* LoclTests.xctest */,
				038497122D50324700F9AACF /* LoclUITests.xctest */,
			);
			name = Products;
			sourceTree = "<group>";
		};
/* End PBXGroup section */

/* Begin PBXNativeTarget section */
		038496F72D50324400F9AACF /* Locl */ = {
			isa = PBXNativeTarget;
			buildConfigurationList = 0384971C2D50324700F9AACF /* Build configuration list for PBXNativeTarget "Locl" */;
			buildPhases = (
				038496F42D50324400F9AACF /* Sources */,
				038496F52D50324400F9AACF /* Frameworks */,
				038496F62D50324400F9AACF /* Resources */,
			);
			buildRules = (
			);
			dependencies = (
			);
			fileSystemSynchronizedGroups = (
				038496FA2D50324400F9AACF /* Locl */,
			);
			name = Locl;
			packageProductDependencies = (
				496F05772D5166F00030F019 /* FirebaseAnalytics */,
				496F05792D5166F00030F019 /* FirebaseAuth */,
				496F057B2D5166F00030F019 /* FirebaseCore */,
				496F057D2D5166F00030F019 /* FirebaseCrashlytics */,
				496F057F2D5166F00030F019 /* FirebaseFirestore */,
				496F05812D5166F00030F019 /* FirebaseInAppMessaging-Beta */,
				496F05832D5166F00030F019 /* FirebaseStorage */,
			);
			productName = Locl;
			productReference = 038496F82D50324400F9AACF /* Locl.app */;
			productType = "com.apple.product-type.application";
		};
		038497072D50324700F9AACF /* LoclTests */ = {
			isa = PBXNativeTarget;
			buildConfigurationList = 0384971F2D50324700F9AACF /* Build configuration list for PBXNativeTarget "LoclTests" */;
			buildPhases = (
				038497042D50324700F9AACF /* Sources */,
				038497052D50324700F9AACF /* Frameworks */,
				038497062D50324700F9AACF /* Resources */,
			);
			buildRules = (
			);
			dependencies = (
				0384970A2D50324700F9AACF /* PBXTargetDependency */,
			);
			fileSystemSynchronizedGroups = (
				0384970B2D50324700F9AACF /* LoclTests */,
			);
			name = LoclTests;
			packageProductDependencies = (
			);
			productName = LoclTests;
			productReference = 038497082D50324700F9AACF /* LoclTests.xctest */;
			productType = "com.apple.product-type.bundle.unit-test";
		};
		038497112D50324700F9AACF /* LoclUITests */ = {
			isa = PBXNativeTarget;
			buildConfigurationList = 038497222D50324700F9AACF /* Build configuration list for PBXNativeTarget "LoclUITests" */;
			buildPhases = (
				0384970E2D50324700F9AACF /* Sources */,
				0384970F2D50324700F9AACF /* Frameworks */,
				038497102D50324700F9AACF /* Resources */,
			);
			buildRules = (
			);
			dependencies = (
				038497142D50324700F9AACF /* PBXTargetDependency */,
			);
			fileSystemSynchronizedGroups = (
				038497152D50324700F9AACF /* LoclUITests */,
			);
			name = LoclUITests;
			packageProductDependencies = (
			);
			productName = LoclUITests;
			productReference = 038497122D50324700F9AACF /* LoclUITests.xctest */;
			productType = "com.apple.product-type.bundle.ui-testing";
		};
/* End PBXNativeTarget section */

/* Begin PBXProject section */
		038496F02D50324400F9AACF /* Project object */ = {
			isa = PBXProject;
			attributes = {
				BuildIndependentTargetsInParallel = 1;
				LastSwiftUpdateCheck = 1620;
				LastUpgradeCheck = 1620;
				TargetAttributes = {
					038496F72D50324400F9AACF = {
						CreatedOnToolsVersion = 16.2;
					};
					038497072D50324700F9AACF = {
						CreatedOnToolsVersion = 16.2;
						TestTargetID = 038496F72D50324400F9AACF;
					};
					038497112D50324700F9AACF = {
						CreatedOnToolsVersion = 16.2;
						TestTargetID = 038496F72D50324400F9AACF;
					};
				};
			};
			buildConfigurationList = 038496F32D50324400F9AACF /* Build configuration list for PBXProject "Locl" */;
			developmentRegion = en;
			hasScannedForEncodings = 0;
			knownRegions = (
				en,
				Base,
			);
			mainGroup = 038496EF2D50324400F9AACF;
			minimizedProjectReferenceProxies = 1;
			packageReferences = (
				496F05762D5166F00030F019 /* XCRemoteSwiftPackageReference "firebase-ios-sdk" */,
			);
			preferredProjectObjectVersion = 77;
			productRefGroup = 038496F92D50324400F9AACF /* Products */;
			projectDirPath = "";
			projectRoot = "";
			targets = (
				038496F72D50324400F9AACF /* Locl */,
				038497072D50324700F9AACF /* LoclTests */,
				038497112D50324700F9AACF /* LoclUITests */,
			);
		};
/* End PBXProject section */

/* Begin PBXResourcesBuildPhase section */
		038496F62D50324400F9AACF /* Resources */ = {
			isa = PBXResourcesBuildPhase;
			buildActionMask = 2147483647;
			files = (
			);
			runOnlyForDeploymentPostprocessing = 0;
		};
		038497062D50324700F9AACF /* Resources */ = {
			isa = PBXResourcesBuildPhase;
			buildActionMask = 2147483647;
			files = (
			);
			runOnlyForDeploymentPostprocessing = 0;
		};
		038497102D50324700F9AACF /* Resources */ = {
			isa = PBXResourcesBuildPhase;
			buildActionMask = 2147483647;
			files = (
			);
			runOnlyForDeploymentPostprocessing = 0;
		};
/* End PBXResourcesBuildPhase section */

/* Begin PBXSourcesBuildPhase section */
		038496F42D50324400F9AACF /* Sources */ = {
			isa = PBXSourcesBuildPhase;
			buildActionMask = 2147483647;
			files = (
			);
			runOnlyForDeploymentPostprocessing = 0;
		};
		038497042D50324700F9AACF /* Sources */ = {
			isa = PBXSourcesBuildPhase;
			buildActionMask = 2147483647;
			files = (
			);
			runOnlyForDeploymentPostprocessing = 0;
		};
		0384970E2D50324700F9AACF /* Sources */ = {
			isa = PBXSourcesBuildPhase;
			buildActionMask = 2147483647;
			files = (
			);
			runOnlyForDeploymentPostprocessing = 0;
		};
/* End PBXSourcesBuildPhase section */

/* Begin PBXTargetDependency section */
		0384970A2D50324700F9AACF /* PBXTargetDependency */ = {
			isa = PBXTargetDependency;
			target = 038496F72D50324400F9AACF /* Locl */;
			targetProxy = 038497092D50324700F9AACF /* PBXContainerItemProxy */;
		};
		038497142D50324700F9AACF /* PBXTargetDependency */ = {
			isa = PBXTargetDependency;
			target = 038496F72D50324400F9AACF /* Locl */;
			targetProxy = 038497132D50324700F9AACF /* PBXContainerItemProxy */;
		};
/* End PBXTargetDependency section */

/* Begin XCBuildConfiguration section */
		0384971A2D50324700F9AACF /* Debug */ = {
			isa = XCBuildConfiguration;
			buildSettings = {
				ALWAYS_SEARCH_USER_PATHS = NO;
				ASSETCATALOG_COMPILER_GENERATE_SWIFT_ASSET_SYMBOL_EXTENSIONS = YES;
				CLANG_ANALYZER_NONNULL = YES;
				CLANG_ANALYZER_NUMBER_OBJECT_CONVERSION = YES_AGGRESSIVE;
				CLANG_CXX_LANGUAGE_STANDARD = "gnu++20";
				CLANG_ENABLE_MODULES = YES;
				CLANG_ENABLE_OBJC_ARC = YES;
				CLANG_ENABLE_OBJC_WEAK = YES;
				CLANG_WARN_BLOCK_CAPTURE_AUTORELEASING = YES;
				CLANG_WARN_BOOL_CONVERSION = YES;
				CLANG_WARN_COMMA = YES;
				CLANG_WARN_CONSTANT_CONVERSION = YES;
				CLANG_WARN_DEPRECATED_OBJC_IMPLEMENTATIONS = YES;
				CLANG_WARN_DIRECT_OBJC_ISA_USAGE = YES_ERROR;
				CLANG_WARN_DOCUMENTATION_COMMENTS = YES;
				CLANG_WARN_EMPTY_BODY = YES;
				CLANG_WARN_ENUM_CONVERSION = YES;
				CLANG_WARN_INFINITE_RECURSION = YES;
				CLANG_WARN_INT_CONVERSION = YES;
				CLANG_WARN_NON_LITERAL_NULL_CONVERSION = YES;
				CLANG_WARN_OBJC_IMPLICIT_RETAIN_SELF = YES;
				CLANG_WARN_OBJC_LITERAL_CONVERSION = YES;
				CLANG_WARN_OBJC_ROOT_CLASS = YES_ERROR;
				CLANG_WARN_QUOTED_INCLUDE_IN_FRAMEWORK_HEADER = YES;
				CLANG_WARN_RANGE_LOOP_ANALYSIS = YES;
				CLANG_WARN_STRICT_PROTOTYPES = YES;
				CLANG_WARN_SUSPICIOUS_MOVE = YES;
				CLANG_WARN_UNGUARDED_AVAILABILITY = YES_AGGRESSIVE;
				CLANG_WARN_UNREACHABLE_CODE = YES;
				CLANG_WARN__DUPLICATE_METHOD_MATCH = YES;
				COPY_PHASE_STRIP = NO;
				DEBUG_INFORMATION_FORMAT = dwarf;
				ENABLE_STRICT_OBJC_MSGSEND = YES;
				ENABLE_TESTABILITY = YES;
				ENABLE_USER_SCRIPT_SANDBOXING = YES;
				GCC_C_LANGUAGE_STANDARD = gnu17;
				GCC_DYNAMIC_NO_PIC = NO;
				GCC_NO_COMMON_BLOCKS = YES;
				GCC_OPTIMIZATION_LEVEL = 0;
				GCC_PREPROCESSOR_DEFINITIONS = (
					"DEBUG=1",
					"$(inherited)",
				);
				GCC_WARN_64_TO_32_BIT_CONVERSION = YES;
				GCC_WARN_ABOUT_RETURN_TYPE = YES_ERROR;
				GCC_WARN_UNDECLARED_SELECTOR = YES;
				GCC_WARN_UNINITIALIZED_AUTOS = YES_AGGRESSIVE;
				GCC_WARN_UNUSED_FUNCTION = YES;
				GCC_WARN_UNUSED_VARIABLE = YES;
				IPHONEOS_DEPLOYMENT_TARGET = 18.2;
				LOCALIZATION_PREFERS_STRING_CATALOGS = YES;
				MTL_ENABLE_DEBUG_INFO = INCLUDE_SOURCE;
				MTL_FAST_MATH = YES;
				ONLY_ACTIVE_ARCH = YES;
				SDKROOT = iphoneos;
				SWIFT_ACTIVE_COMPILATION_CONDITIONS = "DEBUG $(inherited)";
				SWIFT_OPTIMIZATION_LEVEL = "-Onone";
			};
			name = Debug;
		};
		0384971B2D50324700F9AACF /* Release */ = {
			isa = XCBuildConfiguration;
			buildSettings = {
				ALWAYS_SEARCH_USER_PATHS = NO;
				ASSETCATALOG_COMPILER_GENERATE_SWIFT_ASSET_SYMBOL_EXTENSIONS = YES;
				CLANG_ANALYZER_NONNULL = YES;
				CLANG_ANALYZER_NUMBER_OBJECT_CONVERSION = YES_AGGRESSIVE;
				CLANG_CXX_LANGUAGE_STANDARD = "gnu++20";
				CLANG_ENABLE_MODULES = YES;
				CLANG_ENABLE_OBJC_ARC = YES;
				CLANG_ENABLE_OBJC_WEAK = YES;
				CLANG_WARN_BLOCK_CAPTURE_AUTORELEASING = YES;
				CLANG_WARN_BOOL_CONVERSION = YES;
				CLANG_WARN_COMMA = YES;
				CLANG_WARN_CONSTANT_CONVERSION = YES;
				CLANG_WARN_DEPRECATED_OBJC_IMPLEMENTATIONS = YES;
				CLANG_WARN_DIRECT_OBJC_ISA_USAGE = YES_ERROR;
				CLANG_WARN_DOCUMENTATION_COMMENTS = YES;
				CLANG_WARN_EMPTY_BODY = YES;
				CLANG_WARN_ENUM_CONVERSION = YES;
				CLANG_WARN_INFINITE_RECURSION = YES;
				CLANG_WARN_INT_CONVERSION = YES;
				CLANG_WARN_NON_LITERAL_NULL_CONVERSION = YES;
				CLANG_WARN_OBJC_IMPLICIT_RETAIN_SELF = YES;
				CLANG_WARN_OBJC_LITERAL_CONVERSION = YES;
				CLANG_WARN_OBJC_ROOT_CLASS = YES_ERROR;
				CLANG_WARN_QUOTED_INCLUDE_IN_FRAMEWORK_HEADER = YES;
				CLANG_WARN_RANGE_LOOP_ANALYSIS = YES;
				CLANG_WARN_STRICT_PROTOTYPES = YES;
				CLANG_WARN_SUSPICIOUS_MOVE = YES;
				CLANG_WARN_UNGUARDED_AVAILABILITY = YES_AGGRESSIVE;
				CLANG_WARN_UNREACHABLE_CODE = YES;
				CLANG_WARN__DUPLICATE_METHOD_MATCH = YES;
				COPY_PHASE_STRIP = NO;
				DEBUG_INFORMATION_FORMAT = "dwarf-with-dsym";
				ENABLE_NS_ASSERTIONS = NO;
				ENABLE_STRICT_OBJC_MSGSEND = YES;
				ENABLE_USER_SCRIPT_SANDBOXING = YES;
				GCC_C_LANGUAGE_STANDARD = gnu17;
				GCC_NO_COMMON_BLOCKS = YES;
				GCC_WARN_64_TO_32_BIT_CONVERSION = YES;
				GCC_WARN_ABOUT_RETURN_TYPE = YES_ERROR;
				GCC_WARN_UNDECLARED_SELECTOR = YES;
				GCC_WARN_UNINITIALIZED_AUTOS = YES_AGGRESSIVE;
				GCC_WARN_UNUSED_FUNCTION = YES;
				GCC_WARN_UNUSED_VARIABLE = YES;
				IPHONEOS_DEPLOYMENT_TARGET = 18.2;
				LOCALIZATION_PREFERS_STRING_CATALOGS = YES;
				MTL_ENABLE_DEBUG_INFO = NO;
				MTL_FAST_MATH = YES;
				SDKROOT = iphoneos;
				SWIFT_COMPILATION_MODE = wholemodule;
				VALIDATE_PRODUCT = YES;
			};
			name = Release;
		};
		0384971D2D50324700F9AACF /* Debug */ = {
			isa = XCBuildConfiguration;
			buildSettings = {
				ASSETCATALOG_COMPILER_APPICON_NAME = AppIcon;
				ASSETCATALOG_COMPILER_GLOBAL_ACCENT_COLOR_NAME = AccentColor;
				CODE_SIGN_STYLE = Automatic;
				CURRENT_PROJECT_VERSION = 1;
				DEVELOPMENT_ASSET_PATHS = "\"Locl/Preview Content\"";
				DEVELOPMENT_TEAM = 2CG72KWX2P;
				ENABLE_PREVIEWS = YES;
				GENERATE_INFOPLIST_FILE = YES;
				INFOPLIST_KEY_UIApplicationSceneManifest_Generation = YES;
				INFOPLIST_KEY_UIApplicationSupportsIndirectInputEvents = YES;
				INFOPLIST_KEY_UILaunchScreen_Generation = YES;
				INFOPLIST_KEY_UISupportedInterfaceOrientations_iPad = "UIInterfaceOrientationPortrait UIInterfaceOrientationPortraitUpsideDown UIInterfaceOrientationLandscapeLeft UIInterfaceOrientationLandscapeRight";
				INFOPLIST_KEY_UISupportedInterfaceOrientations_iPhone = "UIInterfaceOrientationPortrait UIInterfaceOrientationLandscapeLeft UIInterfaceOrientationLandscapeRight";
				LD_RUNPATH_SEARCH_PATHS = (
					"$(inherited)",
					"@executable_path/Frameworks",
				);
				MARKETING_VERSION = 1.0;
				PRODUCT_BUNDLE_IDENTIFIER = com.summit.locl;
				PRODUCT_NAME = "$(TARGET_NAME)";
				SWIFT_EMIT_LOC_STRINGS = YES;
				SWIFT_VERSION = 5.0;
				TARGETED_DEVICE_FAMILY = "1,2";
			};
			name = Debug;
		};
		0384971E2D50324700F9AACF /* Release */ = {
			isa = XCBuildConfiguration;
			buildSettings = {
				ASSETCATALOG_COMPILER_APPICON_NAME = AppIcon;
				ASSETCATALOG_COMPILER_GLOBAL_ACCENT_COLOR_NAME = AccentColor;
				CODE_SIGN_STYLE = Automatic;
				CURRENT_PROJECT_VERSION = 1;
				DEVELOPMENT_ASSET_PATHS = "\"Locl/Preview Content\"";
				DEVELOPMENT_TEAM = 2CG72KWX2P;
				ENABLE_PREVIEWS = YES;
				GENERATE_INFOPLIST_FILE = YES;
				INFOPLIST_KEY_UIApplicationSceneManifest_Generation = YES;
				INFOPLIST_KEY_UIApplicationSupportsIndirectInputEvents = YES;
				INFOPLIST_KEY_UILaunchScreen_Generation = YES;
				INFOPLIST_KEY_UISupportedInterfaceOrientations_iPad = "UIInterfaceOrientationPortrait UIInterfaceOrientationPortraitUpsideDown UIInterfaceOrientationLandscapeLeft UIInterfaceOrientationLandscapeRight";
				INFOPLIST_KEY_UISupportedInterfaceOrientations_iPhone = "UIInterfaceOrientationPortrait UIInterfaceOrientationLandscapeLeft UIInterfaceOrientationLandscapeRight";
				LD_RUNPATH_SEARCH_PATHS = (
					"$(inherited)",
					"@executable_path/Frameworks",
				);
				MARKETING_VERSION = 1.0;
				PRODUCT_BUNDLE_IDENTIFIER = com.summit.locl;
				PRODUCT_NAME = "$(TARGET_NAME)";
				SWIFT_EMIT_LOC_STRINGS = YES;
				SWIFT_VERSION = 5.0;
				TARGETED_DEVICE_FAMILY = "1,2";
			};
			name = Release;
		};
		038497202D50324700F9AACF /* Debug */ = {
			isa = XCBuildConfiguration;
			buildSettings = {
				BUNDLE_LOADER = "$(TEST_HOST)";
				CODE_SIGN_STYLE = Automatic;
				CURRENT_PROJECT_VERSION = 1;
				GENERATE_INFOPLIST_FILE = YES;
				IPHONEOS_DEPLOYMENT_TARGET = 18.2;
				MARKETING_VERSION = 1.0;
				PRODUCT_BUNDLE_IDENTIFIER = cpp.LoclTests;
				PRODUCT_NAME = "$(TARGET_NAME)";
				SWIFT_EMIT_LOC_STRINGS = NO;
				SWIFT_VERSION = 5.0;
				TARGETED_DEVICE_FAMILY = "1,2";
				TEST_HOST = "$(BUILT_PRODUCTS_DIR)/Locl.app/$(BUNDLE_EXECUTABLE_FOLDER_PATH)/Locl";
			};
			name = Debug;
		};
		038497212D50324700F9AACF /* Release */ = {
			isa = XCBuildConfiguration;
			buildSettings = {
				BUNDLE_LOADER = "$(TEST_HOST)";
				CODE_SIGN_STYLE = Automatic;
				CURRENT_PROJECT_VERSION = 1;
				GENERATE_INFOPLIST_FILE = YES;
				IPHONEOS_DEPLOYMENT_TARGET = 18.2;
				MARKETING_VERSION = 1.0;
				PRODUCT_BUNDLE_IDENTIFIER = cpp.LoclTests;
				PRODUCT_NAME = "$(TARGET_NAME)";
				SWIFT_EMIT_LOC_STRINGS = NO;
				SWIFT_VERSION = 5.0;
				TARGETED_DEVICE_FAMILY = "1,2";
				TEST_HOST = "$(BUILT_PRODUCTS_DIR)/Locl.app/$(BUNDLE_EXECUTABLE_FOLDER_PATH)/Locl";
			};
			name = Release;
		};
		038497232D50324700F9AACF /* Debug */ = {
			isa = XCBuildConfiguration;
			buildSettings = {
				CODE_SIGN_STYLE = Automatic;
				CURRENT_PROJECT_VERSION = 1;
				GENERATE_INFOPLIST_FILE = YES;
				MARKETING_VERSION = 1.0;
				PRODUCT_BUNDLE_IDENTIFIER = cpp.LoclUITests;
				PRODUCT_NAME = "$(TARGET_NAME)";
				SWIFT_EMIT_LOC_STRINGS = NO;
				SWIFT_VERSION = 5.0;
				TARGETED_DEVICE_FAMILY = "1,2";
				TEST_TARGET_NAME = Locl;
			};
			name = Debug;
		};
		038497242D50324700F9AACF /* Release */ = {
			isa = XCBuildConfiguration;
			buildSettings = {
				CODE_SIGN_STYLE = Automatic;
				CURRENT_PROJECT_VERSION = 1;
				GENERATE_INFOPLIST_FILE = YES;
				MARKETING_VERSION = 1.0;
				PRODUCT_BUNDLE_IDENTIFIER = cpp.LoclUITests;
				PRODUCT_NAME = "$(TARGET_NAME)";
				SWIFT_EMIT_LOC_STRINGS = NO;
				SWIFT_VERSION = 5.0;
				TARGETED_DEVICE_FAMILY = "1,2";
				TEST_TARGET_NAME = Locl;
			};
			name = Release;
		};
/* End XCBuildConfiguration section */

/* Begin XCConfigurationList section */
		038496F32D50324400F9AACF /* Build configuration list for PBXProject "Locl" */ = {
			isa = XCConfigurationList;
			buildConfigurations = (
				0384971A2D50324700F9AACF /* Debug */,
				0384971B2D50324700F9AACF /* Release */,
			);
			defaultConfigurationIsVisible = 0;
			defaultConfigurationName = Release;
		};
		0384971C2D50324700F9AACF /* Build configuration list for PBXNativeTarget "Locl" */ = {
			isa = XCConfigurationList;
			buildConfigurations = (
				0384971D2D50324700F9AACF /* Debug */,
				0384971E2D50324700F9AACF /* Release */,
			);
			defaultConfigurationIsVisible = 0;
			defaultConfigurationName = Release;
		};
		0384971F2D50324700F9AACF /* Build configuration list for PBXNativeTarget "LoclTests" */ = {
			isa = XCConfigurationList;
			buildConfigurations = (
				038497202D50324700F9AACF /* Debug */,
				038497212D50324700F9AACF /* Release */,
			);
			defaultConfigurationIsVisible = 0;
			defaultConfigurationName = Release;
		};
		038497222D50324700F9AACF /* Build configuration list for PBXNativeTarget "LoclUITests" */ = {
			isa = XCConfigurationList;
			buildConfigurations = (
				038497232D50324700F9AACF /* Debug */,
				038497242D50324700F9AACF /* Release */,
			);
			defaultConfigurationIsVisible = 0;
			defaultConfigurationName = Release;
		};
/* End XCConfigurationList section */

/* Begin XCRemoteSwiftPackageReference section */
		496F05762D5166F00030F019 /* XCRemoteSwiftPackageReference "firebase-ios-sdk" */ = {
			isa = XCRemoteSwiftPackageReference;
			repositoryURL = "https://github.com/firebase/firebase-ios-sdk";
			requirement = {
				kind = upToNextMajorVersion;
				minimumVersion = 11.8.0;
			};
		};
/* End XCRemoteSwiftPackageReference section */

/* Begin XCSwiftPackageProductDependency section */
		496F05772D5166F00030F019 /* FirebaseAnalytics */ = {
			isa = XCSwiftPackageProductDependency;
			package = 496F05762D5166F00030F019 /* XCRemoteSwiftPackageReference "firebase-ios-sdk" */;
			productName = FirebaseAnalytics;
		};
		496F05792D5166F00030F019 /* FirebaseAuth */ = {
			isa = XCSwiftPackageProductDependency;
			package = 496F05762D5166F00030F019 /* XCRemoteSwiftPackageReference "firebase-ios-sdk" */;
			productName = FirebaseAuth;
		};
		496F057B2D5166F00030F019 /* FirebaseCore */ = {
			isa = XCSwiftPackageProductDependency;
			package = 496F05762D5166F00030F019 /* XCRemoteSwiftPackageReference "firebase-ios-sdk" */;
			productName = FirebaseCore;
		};
		496F057D2D5166F00030F019 /* FirebaseCrashlytics */ = {
			isa = XCSwiftPackageProductDependency;
			package = 496F05762D5166F00030F019 /* XCRemoteSwiftPackageReference "firebase-ios-sdk" */;
			productName = FirebaseCrashlytics;
		};
		496F057F2D5166F00030F019 /* FirebaseFirestore */ = {
			isa = XCSwiftPackageProductDependency;
			package = 496F05762D5166F00030F019 /* XCRemoteSwiftPackageReference "firebase-ios-sdk" */;
			productName = FirebaseFirestore;
		};
		496F05812D5166F00030F019 /* FirebaseInAppMessaging-Beta */ = {
			isa = XCSwiftPackageProductDependency;
			package = 496F05762D5166F00030F019 /* XCRemoteSwiftPackageReference "firebase-ios-sdk" */;
			productName = "FirebaseInAppMessaging-Beta";
		};
		496F05832D5166F00030F019 /* FirebaseStorage */ = {
			isa = XCSwiftPackageProductDependency;
			package = 496F05762D5166F00030F019 /* XCRemoteSwiftPackageReference "firebase-ios-sdk" */;
			productName = FirebaseStorage;
		};
/* End XCSwiftPackageProductDependency section */
	};
	rootObject = 038496F02D50324400F9AACF /* Project object */;
}
